schema: '2.0'
stages:
  extract:
    cmd: python src/extract_zip.py
    deps:
    - path: config/main.yaml
      hash: md5
      md5: 9d3b16f80a7c37f92ec33a622ab02063
      size: 130
    - path: data/raw/archive.zip
      hash: md5
      md5: 4016e7bef6511e574096f03d243429e5
      size: 4006061203
    - path: src/extract_zip.py
      hash: md5
      md5: 80099dfa4199dd00bd8d5db5c561c350
      size: 737
    outs:
    - path: data/extracted
      hash: md5
      md5: 227dd857b90fb1944502d90bb23c02f2.dir
      size: 1110232077
      nfiles: 5
  combine:
    cmd: python src/combine_parquet.py
    deps:
    - path: config/main.yaml
      hash: md5
      md5: 9d3b16f80a7c37f92ec33a622ab02063
      size: 130
    - path: data/extracted
      hash: md5
      md5: 227dd857b90fb1944502d90bb23c02f2.dir
      size: 1110232077
      nfiles: 5
    - path: src/combine_parquet.py
      hash: md5
      md5: e91e8b1031463e7cab28998d02ed8dcf
      size: 923
    outs:
    - path: data/processed/combined_data.parquet
      hash: md5
      md5: 877988f036965fd96caac28777d496b8
      size: 994535639
