schema: '2.0'
stages:
  extract:
    cmd: python src/extract_zip.py
    deps:
    - path: config/main.yaml
      hash: md5
      md5: 2f660313e05ec913ea4b1dba853f3d31
      size: 358
    - path: data/raw/archive.zip
      hash: md5
      md5: 4016e7bef6511e574096f03d243429e5
      size: 4006061203
    - path: src/extract_zip.py
      hash: md5
      md5: 80099dfa4199dd00bd8d5db5c561c350
      size: 737
    outs:
    - path: data/extracted
      hash: md5
      md5: 227dd857b90fb1944502d90bb23c02f2.dir
      size: 1110232077
      nfiles: 5
  combine:
    cmd: python src/combine_parquet.py
    deps:
    - path: config/main.yaml
      hash: md5
      md5: 2f660313e05ec913ea4b1dba853f3d31
      size: 358
    - path: data/extracted
      hash: md5
      md5: 227dd857b90fb1944502d90bb23c02f2.dir
      size: 1110232077
      nfiles: 5
    - path: src/combine_parquet.py
      hash: md5
      md5: 0c3bf43d2e7c6711cb48b2f0b17d2472
      size: 1020
    outs:
    - path: data/processed/combined_data.parquet
      hash: md5
      md5: 877988f036965fd96caac28777d496b8
      size: 994535639
  download_noaa:
    cmd: python src/data_processing/download_noaa_data.py
    deps:
    - path: config/paths.yaml
      hash: md5
      md5: 5a63ab78f8ac13b950a1d735bef31dbc
      size: 532
    - path: config/process/base.yaml
      hash: md5
      md5: 9c8f09961923f76b5967c06e7565fe7e
      size: 1720
    - path: src/data_processing/download_noaa_data.py
      hash: md5
      md5: bc62467e91330f16dab93fa03336dda2
      size: 2086
    outs:
    - path: data/raw/raw_noaa/
      hash: md5
      md5: daac98ab0db97b04e96a7333831f787f.dir
      size: 852612594
      nfiles: 5
  extract_flight:
    cmd: python src/data_processing/extract_flight_data.py
    deps:
    - path: config/paths.yaml
      hash: md5
      md5: 5a63ab78f8ac13b950a1d735bef31dbc
      size: 532
    - path: data/raw/raw_flight/archive.zip
      hash: md5
      md5: 4016e7bef6511e574096f03d243429e5
      size: 4006061203
    - path: src/data_processing/extract_flight_data.py
      hash: md5
      md5: a56859d6da3074bcd904e584fd45f769
      size: 4077
    outs:
    - path: data/extracted/extracted_flight/
      hash: md5
      md5: ef88c565ea9e02b3e31e8698851b63a2.dir
      size: 1110232077
      nfiles: 5
  extract_noaa:
    cmd: python src/data_processing/extract_noaa_data.py
    deps:
    - path: config/paths.yaml
      hash: md5
      md5: 5a63ab78f8ac13b950a1d735bef31dbc
      size: 532
    - path: config/process/base.yaml
      hash: md5
      md5: 9c8f09961923f76b5967c06e7565fe7e
      size: 1720
    - path: src/data_processing/extract_noaa_data.py
      hash: md5
      md5: d867a855022c2e81c58fbf8917559ddf
      size: 2181
    outs:
    - path: data/extracted/extracted_noaa/
      hash: md5
      md5: c95fa405023e5ef77dd9c467799f541a.dir
      size: 6664616867
      nfiles: 5
  process_noaa:
    cmd: python src/data_processing/process_noaa_data.py
    deps:
    - path: config/paths.yaml
      hash: md5
      md5: 5a63ab78f8ac13b950a1d735bef31dbc
      size: 532
    - path: config/process/base.yaml
      hash: md5
      md5: 9c8f09961923f76b5967c06e7565fe7e
      size: 1720
    - path: src/data_processing/process_noaa_data.py
      hash: md5
      md5: 19b28d6c097a919d9d573b9cd19e8a00
      size: 4434
    outs:
    - path: data/processed/processed_noaa/
      hash: md5
      md5: 83c4430f7ba94a7fb14575976e14b418.dir
      size: 4187931
      nfiles: 5
  process_flight:
    cmd: python src/data_processing/process_flight_data.py
    deps:
    - path: config/paths.yaml
      hash: md5
      md5: 5a63ab78f8ac13b950a1d735bef31dbc
      size: 532
    - path: config/process/base.yaml
      hash: md5
      md5: 9c8f09961923f76b5967c06e7565fe7e
      size: 1720
    - path: src/data_processing/process_flight_data.py
      hash: md5
      md5: cee581b489122cae6c264d00071682cf
      size: 6960
    outs:
    - path: data/processed/processed_flight/
      hash: md5
      md5: b57548fb0db2810ac54d4785ac54e8ed.dir
      size: 1072674456
      nfiles: 5
  final:
    cmd: python src/data_processing/final_data.py
    deps:
    - path: config/paths.yaml
      hash: md5
      md5: 5a63ab78f8ac13b950a1d735bef31dbc
      size: 532
    - path: config/process/base.yaml
      hash: md5
      md5: 9c8f09961923f76b5967c06e7565fe7e
      size: 1720
    - path: src/data_processing/final_data.py
      hash: md5
      md5: 5119aab9f8092b7aa5c7ec046cb029d1
      size: 4365
    outs:
    - path: data/final/
      hash: md5
      md5: 2d11e75ada31e89d994d6178c7d4d975.dir
      size: 2827462231
      nfiles: 6
